
Microsoft Visual Studio Solution File, Format Version 12.00
# Visual Studio Version 16
VisualStudioVersion = 16.0.29306.81
MinimumVisualStudioVersion = 10.0.40219.1
Project("{FAE04EC0-301F-11D3-BF4B-00C04F79EFBC}") = "UITests", "UITests\UITests.csproj", "{964790CC-15F8-4C7D-8EC6-65E9052073A7}"
EndProject
Project("{FAE04EC0-301F-11D3-BF4B-00C04F79EFBC}") = "TestFramework", "TestFramework\TestFramework.csproj", "{BEC9AAC7-A3C5-4E81-A39F-CE758F748AAF}"
EndProject
Global
	GlobalSection(SolutionConfigurationPlatforms) = preSolution
		Debug|Any CPU = Debug|Any CPU
		Release|Any CPU = Release|Any CPU
	EndGlobalSection
	GlobalSection(ProjectConfigurationPlatforms) = postSolution
		{964790CC-15F8-4C7D-8EC6-65E9052073A7}.Debug|Any CPU.ActiveCfg = Debug|Any CPU
		{964790CC-15F8-4C7D-8EC6-65E9052073A7}.Debug|Any CPU.Build.0 = Debug|Any CPU
		{964790CC-15F8-4C7D-8EC6-65E9052073A7}.Release|Any CPU.ActiveCfg = Release|Any CPU
		{964790CC-15F8-4C7D-8EC6-65E9052073A7}.Release|Any CPU.Build.0 = Release|Any CPU
		{BEC9AAC7-A3C5-4E81-A39F-CE758F748AAF}.Debug|Any CPU.ActiveCfg = Debug|Any CPU
		{BEC9AAC7-A3C5-4E81-A39F-CE758F748AAF}.Debug|Any CPU.Build.0 = Debug|Any CPU
		{BEC9AAC7-A3C5-4E81-A39F-CE758F748AAF}.Release|Any CPU.ActiveCfg = Release|Any CPU
		{BEC9AAC7-A3C5-4E81-A39F-CE758F748AAF}.Release|Any CPU.Build.0 = Release|Any CPU
	EndGlobalSection
	GlobalSection(SolutionProperties) = preSolution
		HideSolutionNode = FALSE
	EndGlobalSection
	GlobalSection(ExtensibilityGlobals) = postSolution
		SolutionGuid = {D20933EB-2E2B-430F-9DDF-53429D36CAB8}
	EndGlobalSection
EndGlobal
